
Microsoft Visual Studio Solution File, Format Version 12.00
# Visual Studio Version 17
VisualStudioVersion = 17.0.31903.59
MinimumVisualStudioVersion = 10.0.40219.1
Project("{FAE04EC0-301F-11D3-BF4B-00C04F79EFBC}") = "API", "API\API.csproj", "{CD3D19FE-353D-443F-AF5F-CE9506F97CDF}"
EndProject
Project("{FAE04EC0-301F-11D3-BF4B-00C04F79EFBC}") = "Core", "Core\Core.csproj", "{8B3BEE45-C31C-437D-9E98-7C4A695BB786}"
EndProject
Project("{FAE04EC0-301F-11D3-BF4B-00C04F79EFBC}") = "Infrastructure", "Infrastructure\Infrastructure.csproj", "{3D69C2AC-506B-491E-88BD-CC501C835143}"
EndProject
Global
	GlobalSection(SolutionConfigurationPlatforms) = preSolution
		Debug|Any CPU = Debug|Any CPU
		Release|Any CPU = Release|Any CPU
	EndGlobalSection
	GlobalSection(SolutionProperties) = preSolution
		HideSolutionNode = FALSE
	EndGlobalSection
	GlobalSection(ProjectConfigurationPlatforms) = postSolution
		{CD3D19FE-353D-443F-AF5F-CE9506F97CDF}.Debug|Any CPU.ActiveCfg = Debug|Any CPU
		{CD3D19FE-353D-443F-AF5F-CE9506F97CDF}.Debug|Any CPU.Build.0 = Debug|Any CPU
		{CD3D19FE-353D-443F-AF5F-CE9506F97CDF}.Release|Any CPU.ActiveCfg = Release|Any CPU
		{CD3D19FE-353D-443F-AF5F-CE9506F97CDF}.Release|Any CPU.Build.0 = Release|Any CPU
		{8B3BEE45-C31C-437D-9E98-7C4A695BB786}.Debug|Any CPU.ActiveCfg = Debug|Any CPU
		{8B3BEE45-C31C-437D-9E98-7C4A695BB786}.Debug|Any CPU.Build.0 = Debug|Any CPU
		{8B3BEE45-C31C-437D-9E98-7C4A695BB786}.Release|Any CPU.ActiveCfg = Release|Any CPU
		{8B3BEE45-C31C-437D-9E98-7C4A695BB786}.Release|Any CPU.Build.0 = Release|Any CPU
		{3D69C2AC-506B-491E-88BD-CC501C835143}.Debug|Any CPU.ActiveCfg = Debug|Any CPU
		{3D69C2AC-506B-491E-88BD-CC501C835143}.Debug|Any CPU.Build.0 = Debug|Any CPU
		{3D69C2AC-506B-491E-88BD-CC501C835143}.Release|Any CPU.ActiveCfg = Release|Any CPU
		{3D69C2AC-506B-491E-88BD-CC501C835143}.Release|Any CPU.Build.0 = Release|Any CPU
	EndGlobalSection
EndGlobal
